
Microsoft Visual Studio Solution File, Format Version 12.00
# Visual Studio Version 17
VisualStudioVersion = 17.2.32630.192
MinimumVisualStudioVersion = 10.0.40219.1
Project("{FAE04EC0-301F-11D3-BF4B-00C04F79EFBC}") = "ifCondition", "ifCondition\ifCondition.csproj", "{E182C78B-CD36-4952-92A6-5471022730B9}"
EndProject
Global
	GlobalSection(SolutionConfigurationPlatforms) = preSolution
		Debug|Any CPU = Debug|Any CPU
		Release|Any CPU = Release|Any CPU
	EndGlobalSection
	GlobalSection(ProjectConfigurationPlatforms) = postSolution
		{E182C78B-CD36-4952-92A6-5471022730B9}.Debug|Any CPU.ActiveCfg = Debug|Any CPU
		{E182C78B-CD36-4952-92A6-5471022730B9}.Debug|Any CPU.Build.0 = Debug|Any CPU
		{E182C78B-CD36-4952-92A6-5471022730B9}.Release|Any CPU.ActiveCfg = Release|Any CPU
		{E182C78B-CD36-4952-92A6-5471022730B9}.Release|Any CPU.Build.0 = Release|Any CPU
	EndGlobalSection
	GlobalSection(SolutionProperties) = preSolution
		HideSolutionNode = FALSE
	EndGlobalSection
	GlobalSection(ExtensibilityGlobals) = postSolution
		SolutionGuid = {ED31007E-2F0A-4758-844D-0FDE327BA3DF}
	EndGlobalSection
EndGlobal
